
Microsoft Visual Studio Solution File, Format Version 12.00
# Visual Studio Version 17
VisualStudioVersion = 17.8.34330.188
MinimumVisualStudioVersion = 10.0.40219.1
Project("{FAE04EC0-301F-11D3-BF4B-00C04F79EFBC}") = "WebAnnotator", "WebAnnotator\WebAnnotator.csproj", "{79345853-3DEF-4C3C-8DEB-AA9558E6EE2C}"
EndProject
Global
	GlobalSection(SolutionConfigurationPlatforms) = preSolution
		Debug|Any CPU = Debug|Any CPU
		Release|Any CPU = Release|Any CPU
	EndGlobalSection
	GlobalSection(ProjectConfigurationPlatforms) = postSolution
		{79345853-3DEF-4C3C-8DEB-AA9558E6EE2C}.Debug|Any CPU.ActiveCfg = Debug|Any CPU
		{79345853-3DEF-4C3C-8DEB-AA9558E6EE2C}.Debug|Any CPU.Build.0 = Debug|Any CPU
		{79345853-3DEF-4C3C-8DEB-AA9558E6EE2C}.Release|Any CPU.ActiveCfg = Release|Any CPU
		{79345853-3DEF-4C3C-8DEB-AA9558E6EE2C}.Release|Any CPU.Build.0 = Release|Any CPU
	EndGlobalSection
	GlobalSection(SolutionProperties) = preSolution
		HideSolutionNode = FALSE
	EndGlobalSection
	GlobalSection(ExtensibilityGlobals) = postSolution
		SolutionGuid = {6E1E00D9-BFCC-4690-9875-50B827585405}
	EndGlobalSection
EndGlobal
